
Microsoft Visual Studio Solution File, Format Version 12.00
# Visual Studio Version 16
VisualStudioVersion = 16.0.30523.141
MinimumVisualStudioVersion = 10.0.40219.1
Project("{FAE04EC0-301F-11D3-BF4B-00C04F79EFBC}") = "DSCC_CW1_7213_WEB", "DSCC_CW1_7213_WEB\DSCC_CW1_7213_WEB.csproj", "{DB8A6F93-015A-4228-A2EB-C5E4EE254126}"
EndProject
Global
	GlobalSection(SolutionConfigurationPlatforms) = preSolution
		Debug|Any CPU = Debug|Any CPU
		Release|Any CPU = Release|Any CPU
	EndGlobalSection
	GlobalSection(ProjectConfigurationPlatforms) = postSolution
		{DB8A6F93-015A-4228-A2EB-C5E4EE254126}.Debug|Any CPU.ActiveCfg = Debug|Any CPU
		{DB8A6F93-015A-4228-A2EB-C5E4EE254126}.Debug|Any CPU.Build.0 = Debug|Any CPU
		{DB8A6F93-015A-4228-A2EB-C5E4EE254126}.Release|Any CPU.ActiveCfg = Release|Any CPU
		{DB8A6F93-015A-4228-A2EB-C5E4EE254126}.Release|Any CPU.Build.0 = Release|Any CPU
	EndGlobalSection
	GlobalSection(SolutionProperties) = preSolution
		HideSolutionNode = FALSE
	EndGlobalSection
	GlobalSection(ExtensibilityGlobals) = postSolution
		SolutionGuid = {925C0D93-BC7D-46B2-B79F-BF22982D8032}
	EndGlobalSection
EndGlobal
